// !$*UTF8*$!
{
	archiveVersion = 1;
	classes = {
	};
	objectVersion = 56;
	objects = {

/* Begin PBXBuildFile section */
		5619B0A22918905000FEB477 /* ListViewRow.swift in Sources */ = {isa = PBXBuildFile; fileRef = 5619B0A12918905000FEB477 /* ListViewRow.swift */; };
		5619B0A42918A22C00FEB477 /* SearchBar.swift in Sources */ = {isa = PBXBuildFile; fileRef = 5619B0A32918A22C00FEB477 /* SearchBar.swift */; };
		56A6FCAE2914EE0E0021A3B8 /* ContentView.swift in Sources */ = {isa = PBXBuildFile; fileRef = 56A6FCAD2914EE0E0021A3B8 /* ContentView.swift */; };
		56A6FCB02914EE0F0021A3B8 /* Assets.xcassets in Resources */ = {isa = PBXBuildFile; fileRef = 56A6FCAF2914EE0F0021A3B8 /* Assets.xcassets */; };
		56A6FCB32914EE0F0021A3B8 /* Preview Assets.xcassets in Resources */ = {isa = PBXBuildFile; fileRef = 56A6FCB22914EE0F0021A3B8 /* Preview Assets.xcassets */; };
		56A6FCBD2914EE0F0021A3B8 /* MemoTests.swift in Sources */ = {isa = PBXBuildFile; fileRef = 56A6FCBC2914EE0F0021A3B8 /* MemoTests.swift */; };
		56A6FCC72914EE0F0021A3B8 /* MemoUITests.swift in Sources */ = {isa = PBXBuildFile; fileRef = 56A6FCC62914EE0F0021A3B8 /* MemoUITests.swift */; };
		56A6FCC92914EE0F0021A3B8 /* MemoUITestsLaunchTests.swift in Sources */ = {isa = PBXBuildFile; fileRef = 56A6FCC82914EE0F0021A3B8 /* MemoUITestsLaunchTests.swift */; };
		56A6FCD72914EE4F0021A3B8 /* DetailView.swift in Sources */ = {isa = PBXBuildFile; fileRef = 56A6FCD62914EE4F0021A3B8 /* DetailView.swift */; };
		56A6FCD92914EEB40021A3B8 /* ListView.swift in Sources */ = {isa = PBXBuildFile; fileRef = 56A6FCD82914EEB40021A3B8 /* ListView.swift */; };
		56A6FCDB2914EEED0021A3B8 /* Row.swift in Sources */ = {isa = PBXBuildFile; fileRef = 56A6FCDA2914EEED0021A3B8 /* Row.swift */; };
		56A6FCDF2914F1D20021A3B8 /* Memo.swift in Sources */ = {isa = PBXBuildFile; fileRef = 56A6FCDE2914F1D20021A3B8 /* Memo.swift */; };
		56A77FD3291B3E7600A5BD27 /* MenuHStackButton.swift in Sources */ = {isa = PBXBuildFile; fileRef = 56A77FD2291B3E7600A5BD27 /* MenuHStackButton.swift */; };
		56AA8F69291E1D0E0008C648 /* Launch Screen.storyboard in Resources */ = {isa = PBXBuildFile; fileRef = 56AA8F68291E1D0E0008C648 /* Launch Screen.storyboard */; };
		56ADF6C329234F1E00D9A820 /* ModelData.swift in Sources */ = {isa = PBXBuildFile; fileRef = 56ADF6C229234F1E00D9A820 /* ModelData.swift */; };
		56ADF6CA29237AD000D9A820 /* AddFolderView.swift in Sources */ = {isa = PBXBuildFile; fileRef = 56ADF6C929237AD000D9A820 /* AddFolderView.swift */; };
		56ADF6CC29237C9400D9A820 /* MemoApp.swift in Sources */ = {isa = PBXBuildFile; fileRef = 56ADF6CB29237C9400D9A820 /* MemoApp.swift */; };
/* End PBXBuildFile section */

/* Begin PBXContainerItemProxy section */
		56A6FCB92914EE0F0021A3B8 /* PBXContainerItemProxy */ = {
			isa = PBXContainerItemProxy;
			containerPortal = 56A6FCA02914EE0E0021A3B8 /* Project object */;
			proxyType = 1;
			remoteGlobalIDString = 56A6FCA72914EE0E0021A3B8;
			remoteInfo = Memo;
		};
		56A6FCC32914EE0F0021A3B8 /* PBXContainerItemProxy */ = {
			isa = PBXContainerItemProxy;
			containerPortal = 56A6FCA02914EE0E0021A3B8 /* Project object */;
			proxyType = 1;
			remoteGlobalIDString = 56A6FCA72914EE0E0021A3B8;
			remoteInfo = Memo;
		};
/* End PBXContainerItemProxy section */

/* Begin PBXFileReference section */
		5619B0A12918905000FEB477 /* ListViewRow.swift */ = {isa = PBXFileReference; lastKnownFileType = sourcecode.swift; path = ListViewRow.swift; sourceTree = "<group>"; };
		5619B0A32918A22C00FEB477 /* SearchBar.swift */ = {isa = PBXFileReference; lastKnownFileType = sourcecode.swift; path = SearchBar.swift; sourceTree = "<group>"; };
		56A6FCA82914EE0E0021A3B8 /* Memo.app */ = {isa = PBXFileReference; explicitFileType = wrapper.application; includeInIndex = 0; path = Memo.app; sourceTree = BUILT_PRODUCTS_DIR; };
		56A6FCAD2914EE0E0021A3B8 /* ContentView.swift */ = {isa = PBXFileReference; lastKnownFileType = sourcecode.swift; path = ContentView.swift; sourceTree = "<group>"; };
		56A6FCAF2914EE0F0021A3B8 /* Assets.xcassets */ = {isa = PBXFileReference; lastKnownFileType = folder.assetcatalog; path = Assets.xcassets; sourceTree = "<group>"; };
		56A6FCB22914EE0F0021A3B8 /* Preview Assets.xcassets */ = {isa = PBXFileReference; lastKnownFileType = folder.assetcatalog; path = "Preview Assets.xcassets"; sourceTree = "<group>"; };
		56A6FCB82914EE0F0021A3B8 /* MemoTests.xctest */ = {isa = PBXFileReference; explicitFileType = wrapper.cfbundle; includeInIndex = 0; path = MemoTests.xctest; sourceTree = BUILT_PRODUCTS_DIR; };
		56A6FCBC2914EE0F0021A3B8 /* MemoTests.swift */ = {isa = PBXFileReference; lastKnownFileType = sourcecode.swift; path = MemoTests.swift; sourceTree = "<group>"; };
		56A6FCC22914EE0F0021A3B8 /* MemoUITests.xctest */ = {isa = PBXFileReference; explicitFileType = wrapper.cfbundle; includeInIndex = 0; path = MemoUITests.xctest; sourceTree = BUILT_PRODUCTS_DIR; };
		56A6FCC62914EE0F0021A3B8 /* MemoUITests.swift */ = {isa = PBXFileReference; lastKnownFileType = sourcecode.swift; path = MemoUITests.swift; sourceTree = "<group>"; };
		56A6FCC82914EE0F0021A3B8 /* MemoUITestsLaunchTests.swift */ = {isa = PBXFileReference; lastKnownFileType = sourcecode.swift; path = MemoUITestsLaunchTests.swift; sourceTree = "<group>"; };
		56A6FCD62914EE4F0021A3B8 /* DetailView.swift */ = {isa = PBXFileReference; lastKnownFileType = sourcecode.swift; path = DetailView.swift; sourceTree = "<group>"; };
		56A6FCD82914EEB40021A3B8 /* ListView.swift */ = {isa = PBXFileReference; lastKnownFileType = sourcecode.swift; path = ListView.swift; sourceTree = "<group>"; };
		56A6FCDA2914EEED0021A3B8 /* Row.swift */ = {isa = PBXFileReference; lastKnownFileType = sourcecode.swift; path = Row.swift; sourceTree = "<group>"; };
		56A6FCDE2914F1D20021A3B8 /* Memo.swift */ = {isa = PBXFileReference; lastKnownFileType = sourcecode.swift; path = Memo.swift; sourceTree = "<group>"; };
		56A77FD2291B3E7600A5BD27 /* MenuHStackButton.swift */ = {isa = PBXFileReference; lastKnownFileType = sourcecode.swift; path = MenuHStackButton.swift; sourceTree = "<group>"; };
		56AA8F68291E1D0E0008C648 /* Launch Screen.storyboard */ = {isa = PBXFileReference; lastKnownFileType = file.storyboard; path = "Launch Screen.storyboard"; sourceTree = "<group>"; };
		56ADF6C229234F1E00D9A820 /* ModelData.swift */ = {isa = PBXFileReference; lastKnownFileType = sourcecode.swift; path = ModelData.swift; sourceTree = "<group>"; };
		56ADF6C929237AD000D9A820 /* AddFolderView.swift */ = {isa = PBXFileReference; lastKnownFileType = sourcecode.swift; path = AddFolderView.swift; sourceTree = "<group>"; };
		56ADF6CB29237C9400D9A820 /* MemoApp.swift */ = {isa = PBXFileReference; lastKnownFileType = sourcecode.swift; path = MemoApp.swift; sourceTree = "<group>"; };
/* End PBXFileReference section */

/* Begin PBXFrameworksBuildPhase section */
		56A6FCA52914EE0E0021A3B8 /* Frameworks */ = {
			isa = PBXFrameworksBuildPhase;
			buildActionMask = 2147483647;
			files = (
			);
			runOnlyForDeploymentPostprocessing = 0;
		};
		56A6FCB52914EE0F0021A3B8 /* Frameworks */ = {
			isa = PBXFrameworksBuildPhase;
			buildActionMask = 2147483647;
			files = (
			);
			runOnlyForDeploymentPostprocessing = 0;
		};
		56A6FCBF2914EE0F0021A3B8 /* Frameworks */ = {
			isa = PBXFrameworksBuildPhase;
			buildActionMask = 2147483647;
			files = (
			);
			runOnlyForDeploymentPostprocessing = 0;
		};
/* End PBXFrameworksBuildPhase section */

/* Begin PBXGroup section */
		56A6FC9F2914EE0E0021A3B8 = {
			isa = PBXGroup;
			children = (
				56A6FCAA2914EE0E0021A3B8 /* Memo */,
				56A6FCBB2914EE0F0021A3B8 /* MemoTests */,
				56A6FCC52914EE0F0021A3B8 /* MemoUITests */,
				56A6FCA92914EE0E0021A3B8 /* Products */,
			);
			sourceTree = "<group>";
		};
		56A6FCA92914EE0E0021A3B8 /* Products */ = {
			isa = PBXGroup;
			children = (
				56A6FCA82914EE0E0021A3B8 /* Memo.app */,
				56A6FCB82914EE0F0021A3B8 /* MemoTests.xctest */,
				56A6FCC22914EE0F0021A3B8 /* MemoUITests.xctest */,
			);
			name = Products;
			sourceTree = "<group>";
		};
		56A6FCAA2914EE0E0021A3B8 /* Memo */ = {
			isa = PBXGroup;
			children = (
				56ADF6CB29237C9400D9A820 /* MemoApp.swift */,
				56AA8F68291E1D0E0008C648 /* Launch Screen.storyboard */,
				56C40242291A10B3008E1AEA /* CustomUtil */,
				56A6FCAD2914EE0E0021A3B8 /* ContentView.swift */,
				56ADF6C929237AD000D9A820 /* AddFolderView.swift */,
				56A6FCD82914EEB40021A3B8 /* ListView.swift */,
				56A6FCD62914EE4F0021A3B8 /* DetailView.swift */,
				56C40244291A115A008E1AEA /* Row */,
				56C40243291A1138008E1AEA /* ModelData */,
				56A6FCAF2914EE0F0021A3B8 /* Assets.xcassets */,
				56A6FCB12914EE0F0021A3B8 /* Preview Content */,
			);
			path = Memo;
			sourceTree = "<group>";
		};
		56A6FCB12914EE0F0021A3B8 /* Preview Content */ = {
			isa = PBXGroup;
			children = (
				56A6FCB22914EE0F0021A3B8 /* Preview Assets.xcassets */,
			);
			path = "Preview Content";
			sourceTree = "<group>";
		};
		56A6FCBB2914EE0F0021A3B8 /* MemoTests */ = {
			isa = PBXGroup;
			children = (
				56A6FCBC2914EE0F0021A3B8 /* MemoTests.swift */,
			);
			path = MemoTests;
			sourceTree = "<group>";
		};
		56A6FCC52914EE0F0021A3B8 /* MemoUITests */ = {
			isa = PBXGroup;
			children = (
				56A6FCC62914EE0F0021A3B8 /* MemoUITests.swift */,
				56A6FCC82914EE0F0021A3B8 /* MemoUITestsLaunchTests.swift */,
			);
			path = MemoUITests;
			sourceTree = "<group>";
		};
		56C40242291A10B3008E1AEA /* CustomUtil */ = {
			isa = PBXGroup;
			children = (
				5619B0A32918A22C00FEB477 /* SearchBar.swift */,
				56A77FD2291B3E7600A5BD27 /* MenuHStackButton.swift */,
			);
			path = CustomUtil;
			sourceTree = "<group>";
		};
		56C40243291A1138008E1AEA /* ModelData */ = {
			isa = PBXGroup;
			children = (
				56A6FCDE2914F1D20021A3B8 /* Memo.swift */,
				56ADF6C229234F1E00D9A820 /* ModelData.swift */,
			);
			path = ModelData;
			sourceTree = "<group>";
		};
		56C40244291A115A008E1AEA /* Row */ = {
			isa = PBXGroup;
			children = (
				56A6FCDA2914EEED0021A3B8 /* Row.swift */,
				5619B0A12918905000FEB477 /* ListViewRow.swift */,
			);
			path = Row;
			sourceTree = "<group>";
		};
/* End PBXGroup section */

/* Begin PBXNativeTarget section */
		56A6FCA72914EE0E0021A3B8 /* Memo */ = {
			isa = PBXNativeTarget;
			buildConfigurationList = 56A6FCCC2914EE0F0021A3B8 /* Build configuration list for PBXNativeTarget "Memo" */;
			buildPhases = (
				56A6FCA42914EE0E0021A3B8 /* Sources */,
				56A6FCA52914EE0E0021A3B8 /* Frameworks */,
				56A6FCA62914EE0E0021A3B8 /* Resources */,
			);
			buildRules = (
			);
			dependencies = (
			);
			name = Memo;
			productName = Memo;
			productReference = 56A6FCA82914EE0E0021A3B8 /* Memo.app */;
			productType = "com.apple.product-type.application";
		};
		56A6FCB72914EE0F0021A3B8 /* MemoTests */ = {
			isa = PBXNativeTarget;
			buildConfigurationList = 56A6FCCF2914EE0F0021A3B8 /* Build configuration list for PBXNativeTarget "MemoTests" */;
			buildPhases = (
				56A6FCB42914EE0F0021A3B8 /* Sources */,
				56A6FCB52914EE0F0021A3B8 /* Frameworks */,
				56A6FCB62914EE0F0021A3B8 /* Resources */,
			);
			buildRules = (
			);
			dependencies = (
				56A6FCBA2914EE0F0021A3B8 /* PBXTargetDependency */,
			);
			name = MemoTests;
			productName = MemoTests;
			productReference = 56A6FCB82914EE0F0021A3B8 /* MemoTests.xctest */;
			productType = "com.apple.product-type.bundle.unit-test";
		};
		56A6FCC12914EE0F0021A3B8 /* MemoUITests */ = {
			isa = PBXNativeTarget;
			buildConfigurationList = 56A6FCD22914EE0F0021A3B8 /* Build configuration list for PBXNativeTarget "MemoUITests" */;
			buildPhases = (
				56A6FCBE2914EE0F0021A3B8 /* Sources */,
				56A6FCBF2914EE0F0021A3B8 /* Frameworks */,
				56A6FCC02914EE0F0021A3B8 /* Resources */,
			);
			buildRules = (
			);
			dependencies = (
				56A6FCC42914EE0F0021A3B8 /* PBXTargetDependency */,
			);
			name = MemoUITests;
			productName = MemoUITests;
			productReference = 56A6FCC22914EE0F0021A3B8 /* MemoUITests.xctest */;
			productType = "com.apple.product-type.bundle.ui-testing";
		};
/* End PBXNativeTarget section */

/* Begin PBXProject section */
		56A6FCA02914EE0E0021A3B8 /* Project object */ = {
			isa = PBXProject;
			attributes = {
				BuildIndependentTargetsInParallel = 1;
				LastSwiftUpdateCheck = 1400;
				LastUpgradeCheck = 1400;
				TargetAttributes = {
					56A6FCA72914EE0E0021A3B8 = {
						CreatedOnToolsVersion = 14.0.1;
					};
					56A6FCB72914EE0F0021A3B8 = {
						CreatedOnToolsVersion = 14.0.1;
						TestTargetID = 56A6FCA72914EE0E0021A3B8;
					};
					56A6FCC12914EE0F0021A3B8 = {
						CreatedOnToolsVersion = 14.0.1;
						TestTargetID = 56A6FCA72914EE0E0021A3B8;
					};
				};
			};
			buildConfigurationList = 56A6FCA32914EE0E0021A3B8 /* Build configuration list for PBXProject "Memo" */;
			compatibilityVersion = "Xcode 14.0";
			developmentRegion = en;
			hasScannedForEncodings = 0;
			knownRegions = (
				en,
				Base,
			);
			mainGroup = 56A6FC9F2914EE0E0021A3B8;
			productRefGroup = 56A6FCA92914EE0E0021A3B8 /* Products */;
			projectDirPath = "";
			projectRoot = "";
			targets = (
				56A6FCA72914EE0E0021A3B8 /* Memo */,
				56A6FCB72914EE0F0021A3B8 /* MemoTests */,
				56A6FCC12914EE0F0021A3B8 /* MemoUITests */,
			);
		};
/* End PBXProject section */

/* Begin PBXResourcesBuildPhase section */
		56A6FCA62914EE0E0021A3B8 /* Resources */ = {
			isa = PBXResourcesBuildPhase;
			buildActionMask = 2147483647;
			files = (
				56AA8F69291E1D0E0008C648 /* Launch Screen.storyboard in Resources */,
				56A6FCB32914EE0F0021A3B8 /* Preview Assets.xcassets in Resources */,
				56A6FCB02914EE0F0021A3B8 /* Assets.xcassets in Resources */,
			);
			runOnlyForDeploymentPostprocessing = 0;
		};
		56A6FCB62914EE0F0021A3B8 /* Resources */ = {
			isa = PBXResourcesBuildPhase;
			buildActionMask = 2147483647;
			files = (
			);
			runOnlyForDeploymentPostprocessing = 0;
		};
		56A6FCC02914EE0F0021A3B8 /* Resources */ = {
			isa = PBXResourcesBuildPhase;
			buildActionMask = 2147483647;
			files = (
			);
			runOnlyForDeploymentPostprocessing = 0;
		};
/* End PBXResourcesBuildPhase section */

/* Begin PBXSourcesBuildPhase section */
		56A6FCA42914EE0E0021A3B8 /* Sources */ = {
			isa = PBXSourcesBuildPhase;
			buildActionMask = 2147483647;
			files = (
				56ADF6CA29237AD000D9A820 /* AddFolderView.swift in Sources */,
				56A77FD3291B3E7600A5BD27 /* MenuHStackButton.swift in Sources */,
				56ADF6CC29237C9400D9A820 /* MemoApp.swift in Sources */,
				56A6FCD92914EEB40021A3B8 /* ListView.swift in Sources */,
				56A6FCAE2914EE0E0021A3B8 /* ContentView.swift in Sources */,
				56A6FCD72914EE4F0021A3B8 /* DetailView.swift in Sources */,
				56ADF6C329234F1E00D9A820 /* ModelData.swift in Sources */,
				5619B0A22918905000FEB477 /* ListViewRow.swift in Sources */,
				56A6FCDF2914F1D20021A3B8 /* Memo.swift in Sources */,
				5619B0A42918A22C00FEB477 /* SearchBar.swift in Sources */,
				56A6FCDB2914EEED0021A3B8 /* Row.swift in Sources */,
			);
			runOnlyForDeploymentPostprocessing = 0;
		};
		56A6FCB42914EE0F0021A3B8 /* Sources */ = {
			isa = PBXSourcesBuildPhase;
			buildActionMask = 2147483647;
			files = (
				56A6FCBD2914EE0F0021A3B8 /* MemoTests.swift in Sources */,
			);
			runOnlyForDeploymentPostprocessing = 0;
		};
		56A6FCBE2914EE0F0021A3B8 /* Sources */ = {
			isa = PBXSourcesBuildPhase;
			buildActionMask = 2147483647;
			files = (
				56A6FCC92914EE0F0021A3B8 /* MemoUITestsLaunchTests.swift in Sources */,
				56A6FCC72914EE0F0021A3B8 /* MemoUITests.swift in Sources */,
			);
			runOnlyForDeploymentPostprocessing = 0;
		};
/* End PBXSourcesBuildPhase section */

/* Begin PBXTargetDependency section */
		56A6FCBA2914EE0F0021A3B8 /* PBXTargetDependency */ = {
			isa = PBXTargetDependency;
			target = 56A6FCA72914EE0E0021A3B8 /* Memo */;
			targetProxy = 56A6FCB92914EE0F0021A3B8 /* PBXContainerItemProxy */;
		};
		56A6FCC42914EE0F0021A3B8 /* PBXTargetDependency */ = {
			isa = PBXTargetDependency;
			target = 56A6FCA72914EE0E0021A3B8 /* Memo */;
			targetProxy = 56A6FCC32914EE0F0021A3B8 /* PBXContainerItemProxy */;
		};
/* End PBXTargetDependency section */

/* Begin XCBuildConfiguration section */
		56A6FCCA2914EE0F0021A3B8 /* Debug */ = {
			isa = XCBuildConfiguration;
			buildSettings = {
				ALWAYS_SEARCH_USER_PATHS = NO;
				CLANG_ANALYZER_NONNULL = YES;
				CLANG_ANALYZER_NUMBER_OBJECT_CONVERSION = YES_AGGRESSIVE;
				CLANG_CXX_LANGUAGE_STANDARD = "gnu++20";
				CLANG_ENABLE_MODULES = YES;
				CLANG_ENABLE_OBJC_ARC = YES;
				CLANG_ENABLE_OBJC_WEAK = YES;
				CLANG_WARN_BLOCK_CAPTURE_AUTORELEASING = YES;
				CLANG_WARN_BOOL_CONVERSION = YES;
				CLANG_WARN_COMMA = YES;
				CLANG_WARN_CONSTANT_CONVERSION = YES;
				CLANG_WARN_DEPRECATED_OBJC_IMPLEMENTATIONS = YES;
				CLANG_WARN_DIRECT_OBJC_ISA_USAGE = YES_ERROR;
				CLANG_WARN_DOCUMENTATION_COMMENTS = YES;
				CLANG_WARN_EMPTY_BODY = YES;
				CLANG_WARN_ENUM_CONVERSION = YES;
				CLANG_WARN_INFINITE_RECURSION = YES;
				CLANG_WARN_INT_CONVERSION = YES;
				CLANG_WARN_NON_LITERAL_NULL_CONVERSION = YES;
				CLANG_WARN_OBJC_IMPLICIT_RETAIN_SELF = YES;
				CLANG_WARN_OBJC_LITERAL_CONVERSION = YES;
				CLANG_WARN_OBJC_ROOT_CLASS = YES_ERROR;
				CLANG_WARN_QUOTED_INCLUDE_IN_FRAMEWORK_HEADER = YES;
				CLANG_WARN_RANGE_LOOP_ANALYSIS = YES;
				CLANG_WARN_STRICT_PROTOTYPES = YES;
				CLANG_WARN_SUSPICIOUS_MOVE = YES;
				CLANG_WARN_UNGUARDED_AVAILABILITY = YES_AGGRESSIVE;
				CLANG_WARN_UNREACHABLE_CODE = YES;
				CLANG_WARN__DUPLICATE_METHOD_MATCH = YES;
				COPY_PHASE_STRIP = NO;
				DEBUG_INFORMATION_FORMAT = dwarf;
				ENABLE_STRICT_OBJC_MSGSEND = YES;
				ENABLE_TESTABILITY = YES;
				GCC_C_LANGUAGE_STANDARD = gnu11;
				GCC_DYNAMIC_NO_PIC = NO;
				GCC_NO_COMMON_BLOCKS = YES;
				GCC_OPTIMIZATION_LEVEL = 0;
				GCC_PREPROCESSOR_DEFINITIONS = (
					"DEBUG=1",
					"$(inherited)",
				);
				GCC_WARN_64_TO_32_BIT_CONVERSION = YES;
				GCC_WARN_ABOUT_RETURN_TYPE = YES_ERROR;
				GCC_WARN_UNDECLARED_SELECTOR = YES;
				GCC_WARN_UNINITIALIZED_AUTOS = YES_AGGRESSIVE;
				GCC_WARN_UNUSED_FUNCTION = YES;
				GCC_WARN_UNUSED_VARIABLE = YES;
				IPHONEOS_DEPLOYMENT_TARGET = 16.0;
				MTL_ENABLE_DEBUG_INFO = INCLUDE_SOURCE;
				MTL_FAST_MATH = YES;
				ONLY_ACTIVE_ARCH = YES;
				SDKROOT = iphoneos;
				SWIFT_ACTIVE_COMPILATION_CONDITIONS = DEBUG;
				SWIFT_OPTIMIZATION_LEVEL = "-Onone";
			};
			name = Debug;
		};
		56A6FCCB2914EE0F0021A3B8 /* Release */ = {
			isa = XCBuildConfiguration;
			buildSettings = {
				ALWAYS_SEARCH_USER_PATHS = NO;
				CLANG_ANALYZER_NONNULL = YES;
				CLANG_ANALYZER_NUMBER_OBJECT_CONVERSION = YES_AGGRESSIVE;
				CLANG_CXX_LANGUAGE_STANDARD = "gnu++20";
				CLANG_ENABLE_MODULES = YES;
				CLANG_ENABLE_OBJC_ARC = YES;
				CLANG_ENABLE_OBJC_WEAK = YES;
				CLANG_WARN_BLOCK_CAPTURE_AUTORELEASING = YES;
				CLANG_WARN_BOOL_CONVERSION = YES;
				CLANG_WARN_COMMA = YES;
				CLANG_WARN_CONSTANT_CONVERSION = YES;
				CLANG_WARN_DEPRECATED_OBJC_IMPLEMENTATIONS = YES;
				CLANG_WARN_DIRECT_OBJC_ISA_USAGE = YES_ERROR;
				CLANG_WARN_DOCUMENTATION_COMMENTS = YES;
				CLANG_WARN_EMPTY_BODY = YES;
				CLANG_WARN_ENUM_CONVERSION = YES;
				CLANG_WARN_INFINITE_RECURSION = YES;
				CLANG_WARN_INT_CONVERSION = YES;
				CLANG_WARN_NON_LITERAL_NULL_CONVERSION = YES;
				CLANG_WARN_OBJC_IMPLICIT_RETAIN_SELF = YES;
				CLANG_WARN_OBJC_LITERAL_CONVERSION = YES;
				CLANG_WARN_OBJC_ROOT_CLASS = YES_ERROR;
				CLANG_WARN_QUOTED_INCLUDE_IN_FRAMEWORK_HEADER = YES;
				CLANG_WARN_RANGE_LOOP_ANALYSIS = YES;
				CLANG_WARN_STRICT_PROTOTYPES = YES;
				CLANG_WARN_SUSPICIOUS_MOVE = YES;
				CLANG_WARN_UNGUARDED_AVAILABILITY = YES_AGGRESSIVE;
				CLANG_WARN_UNREACHABLE_CODE = YES;
				CLANG_WARN__DUPLICATE_METHOD_MATCH = YES;
				COPY_PHASE_STRIP = NO;
				DEBUG_INFORMATION_FORMAT = "dwarf-with-dsym";
				ENABLE_NS_ASSERTIONS = NO;
				ENABLE_STRICT_OBJC_MSGSEND = YES;
				GCC_C_LANGUAGE_STANDARD = gnu11;
				GCC_NO_COMMON_BLOCKS = YES;
				GCC_WARN_64_TO_32_BIT_CONVERSION = YES;
				GCC_WARN_ABOUT_RETURN_TYPE = YES_ERROR;
				GCC_WARN_UNDECLARED_SELECTOR = YES;
				GCC_WARN_UNINITIALIZED_AUTOS = YES_AGGRESSIVE;
				GCC_WARN_UNUSED_FUNCTION = YES;
				GCC_WARN_UNUSED_VARIABLE = YES;
				IPHONEOS_DEPLOYMENT_TARGET = 16.0;
				MTL_ENABLE_DEBUG_INFO = NO;
				MTL_FAST_MATH = YES;
				SDKROOT = iphoneos;
				SWIFT_COMPILATION_MODE = wholemodule;
				SWIFT_OPTIMIZATION_LEVEL = "-O";
				VALIDATE_PRODUCT = YES;
			};
			name = Release;
		};
		56A6FCCD2914EE0F0021A3B8 /* Debug */ = {
			isa = XCBuildConfiguration;
			buildSettings = {
				ASSETCATALOG_COMPILER_APPICON_NAME = AppIcon;
				ASSETCATALOG_COMPILER_GLOBAL_ACCENT_COLOR_NAME = AccentColor;
				CODE_SIGN_STYLE = Automatic;
				CURRENT_PROJECT_VERSION = 1;
				DEVELOPMENT_ASSET_PATHS = "\"Memo/Preview Content\"";
				DEVELOPMENT_TEAM = V5QC4USNGH;
				ENABLE_PREVIEWS = YES;
				GENERATE_INFOPLIST_FILE = YES;
				INFOPLIST_FILE = Memo/Info.plist;
				INFOPLIST_KEY_UIApplicationSceneManifest_Generation = YES;
				INFOPLIST_KEY_UIApplicationSupportsIndirectInputEvents = YES;
				INFOPLIST_KEY_UILaunchScreen_Generation = YES;
				INFOPLIST_KEY_UISupportedInterfaceOrientations_iPad = "UIInterfaceOrientationPortrait UIInterfaceOrientationPortraitUpsideDown UIInterfaceOrientationLandscapeLeft UIInterfaceOrientationLandscapeRight";
				INFOPLIST_KEY_UISupportedInterfaceOrientations_iPhone = "UIInterfaceOrientationPortrait UIInterfaceOrientationLandscapeLeft UIInterfaceOrientationLandscapeRight";
				LD_RUNPATH_SEARCH_PATHS = (
					"$(inherited)",
					"@executable_path/Frameworks",
				);
				MARKETING_VERSION = 1.0;
				PRODUCT_BUNDLE_IDENTIFIER = com.jingni.MemoSwiftUI;
				PRODUCT_NAME = "$(TARGET_NAME)";
				SWIFT_EMIT_LOC_STRINGS = YES;
				SWIFT_VERSION = 5.0;
				TARGETED_DEVICE_FAMILY = "1,2";
			};
			name = Debug;
		};
		56A6FCCE2914EE0F0021A3B8 /* Release */ = {
			isa = XCBuildConfiguration;
			buildSettings = {
				ASSETCATALOG_COMPILER_APPICON_NAME = AppIcon;
				ASSETCATALOG_COMPILER_GLOBAL_ACCENT_COLOR_NAME = AccentColor;
				CODE_SIGN_STYLE = Automatic;
				CURRENT_PROJECT_VERSION = 1;
				DEVELOPMENT_ASSET_PATHS = "\"Memo/Preview Content\"";
				DEVELOPMENT_TEAM = V5QC4USNGH;
				ENABLE_PREVIEWS = YES;
				GENERATE_INFOPLIST_FILE = YES;
				INFOPLIST_FILE = Memo/Info.plist;
				INFOPLIST_KEY_UIApplicationSceneManifest_Generation = YES;
				INFOPLIST_KEY_UIApplicationSupportsIndirectInputEvents = YES;
				INFOPLIST_KEY_UILaunchScreen_Generation = YES;
				INFOPLIST_KEY_UISupportedInterfaceOrientations_iPad = "UIInterfaceOrientationPortrait UIInterfaceOrientationPortraitUpsideDown UIInterfaceOrientationLandscapeLeft UIInterfaceOrientationLandscapeRight";
				INFOPLIST_KEY_UISupportedInterfaceOrientations_iPhone = "UIInterfaceOrientationPortrait UIInterfaceOrientationLandscapeLeft UIInterfaceOrientationLandscapeRight";
				LD_RUNPATH_SEARCH_PATHS = (
					"$(inherited)",
					"@executable_path/Frameworks",
				);
				MARKETING_VERSION = 1.0;
				PRODUCT_BUNDLE_IDENTIFIER = com.jingni.MemoSwiftUI;
				PRODUCT_NAME = "$(TARGET_NAME)";
				SWIFT_EMIT_LOC_STRINGS = YES;
				SWIFT_VERSION = 5.0;
				TARGETED_DEVICE_FAMILY = "1,2";
			};
			name = Release;
		};
		56A6FCD02914EE0F0021A3B8 /* Debug */ = {
			isa = XCBuildConfiguration;
			buildSettings = {
				ALWAYS_EMBED_SWIFT_STANDARD_LIBRARIES = YES;
				BUNDLE_LOADER = "$(TEST_HOST)";
				CODE_SIGN_STYLE = Automatic;
				CURRENT_PROJECT_VERSION = 1;
				DEVELOPMENT_TEAM = YRZW7MZ3P5;
				GENERATE_INFOPLIST_FILE = YES;
				IPHONEOS_DEPLOYMENT_TARGET = 16.0;
				MARKETING_VERSION = 1.0;
				PRODUCT_BUNDLE_IDENTIFIER = com.jingni.MemoTests;
				PRODUCT_NAME = "$(TARGET_NAME)";
				SWIFT_EMIT_LOC_STRINGS = NO;
				SWIFT_VERSION = 5.0;
				TARGETED_DEVICE_FAMILY = "1,2";
				TEST_HOST = "$(BUILT_PRODUCTS_DIR)/Memo.app/$(BUNDLE_EXECUTABLE_FOLDER_PATH)/Memo";
			};
			name = Debug;
		};
		56A6FCD12914EE0F0021A3B8 /* Release */ = {
			isa = XCBuildConfiguration;
			buildSettings = {
				ALWAYS_EMBED_SWIFT_STANDARD_LIBRARIES = YES;
				BUNDLE_LOADER = "$(TEST_HOST)";
				CODE_SIGN_STYLE = Automatic;
				CURRENT_PROJECT_VERSION = 1;
				DEVELOPMENT_TEAM = YRZW7MZ3P5;
				GENERATE_INFOPLIST_FILE = YES;
				IPHONEOS_DEPLOYMENT_TARGET = 16.0;
				MARKETING_VERSION = 1.0;
				PRODUCT_BUNDLE_IDENTIFIER = com.jingni.MemoTests;
				PRODUCT_NAME = "$(TARGET_NAME)";
				SWIFT_EMIT_LOC_STRINGS = NO;
				SWIFT_VERSION = 5.0;
				TARGETED_DEVICE_FAMILY = "1,2";
				TEST_HOST = "$(BUILT_PRODUCTS_DIR)/Memo.app/$(BUNDLE_EXECUTABLE_FOLDER_PATH)/Memo";
			};
			name = Release;
		};
		56A6FCD32914EE0F0021A3B8 /* Debug */ = {
			isa = XCBuildConfiguration;
			buildSettings = {
				ALWAYS_EMBED_SWIFT_STANDARD_LIBRARIES = YES;
				CODE_SIGN_STYLE = Automatic;
				CURRENT_PROJECT_VERSION = 1;
				DEVELOPMENT_TEAM = YRZW7MZ3P5;
				GENERATE_INFOPLIST_FILE = YES;
				MARKETING_VERSION = 1.0;
				PRODUCT_BUNDLE_IDENTIFIER = com.jingni.MemoUITests;
				PRODUCT_NAME = "$(TARGET_NAME)";
				SWIFT_EMIT_LOC_STRINGS = NO;
				SWIFT_VERSION = 5.0;
				TARGETED_DEVICE_FAMILY = "1,2";
				TEST_TARGET_NAME = Memo;
			};
			name = Debug;
		};
		56A6FCD42914EE0F0021A3B8 /* Release */ = {
			isa = XCBuildConfiguration;
			buildSettings = {
				ALWAYS_EMBED_SWIFT_STANDARD_LIBRARIES = YES;
				CODE_SIGN_STYLE = Automatic;
				CURRENT_PROJECT_VERSION = 1;
				DEVELOPMENT_TEAM = YRZW7MZ3P5;
				GENERATE_INFOPLIST_FILE = YES;
				MARKETING_VERSION = 1.0;
				PRODUCT_BUNDLE_IDENTIFIER = com.jingni.MemoUITests;
				PRODUCT_NAME = "$(TARGET_NAME)";
				SWIFT_EMIT_LOC_STRINGS = NO;
				SWIFT_VERSION = 5.0;
				TARGETED_DEVICE_FAMILY = "1,2";
				TEST_TARGET_NAME = Memo;
			};
			name = Release;
		};
/* End XCBuildConfiguration section */

/* Begin XCConfigurationList section */
		56A6FCA32914EE0E0021A3B8 /* Build configuration list for PBXProject "Memo" */ = {
			isa = XCConfigurationList;
			buildConfigurations = (
				56A6FCCA2914EE0F0021A3B8 /* Debug */,
				56A6FCCB2914EE0F0021A3B8 /* Release */,
			);
			defaultConfigurationIsVisible = 0;
			defaultConfigurationName = Release;
		};
		56A6FCCC2914EE0F0021A3B8 /* Build configuration list for PBXNativeTarget "Memo" */ = {
			isa = XCConfigurationList;
			buildConfigurations = (
				56A6FCCD2914EE0F0021A3B8 /* Debug */,
				56A6FCCE2914EE0F0021A3B8 /* Release */,
			);
			defaultConfigurationIsVisible = 0;
			defaultConfigurationName = Release;
		};
		56A6FCCF2914EE0F0021A3B8 /* Build configuration list for PBXNativeTarget "MemoTests" */ = {
			isa = XCConfigurationList;
			buildConfigurations = (
				56A6FCD02914EE0F0021A3B8 /* Debug */,
				56A6FCD12914EE0F0021A3B8 /* Release */,
			);
			defaultConfigurationIsVisible = 0;
			defaultConfigurationName = Release;
		};
		56A6FCD22914EE0F0021A3B8 /* Build configuration list for PBXNativeTarget "MemoUITests" */ = {
			isa = XCConfigurationList;
			buildConfigurations = (
				56A6FCD32914EE0F0021A3B8 /* Debug */,
				56A6FCD42914EE0F0021A3B8 /* Release */,
			);
			defaultConfigurationIsVisible = 0;
			defaultConfigurationName = Release;
		};
/* End XCConfigurationList section */
	};
	rootObject = 56A6FCA02914EE0E0021A3B8 /* Project object */;
}
